
Microsoft Visual Studio Solution File, Format Version 12.00
# Visual Studio Version 17
VisualStudioVersion = 17.0.31912.275
MinimumVisualStudioVersion = 10.0.40219.1
Project("{FAE04EC0-301F-11D3-BF4B-00C04F79EFBC}") = "MinimalApi", "MinimalApi.csproj", "{C1ACC246-559F-4666-94D4-935126EB70D7}"
EndProject
Global
	GlobalSection(SolutionConfigurationPlatforms) = preSolution
		Debug|Any CPU = Debug|Any CPU
		Release|Any CPU = Release|Any CPU
	EndGlobalSection
	GlobalSection(ProjectConfigurationPlatforms) = postSolution
		{C1ACC246-559F-4666-94D4-935126EB70D7}.Debug|Any CPU.ActiveCfg = Debug|Any CPU
		{C1ACC246-559F-4666-94D4-935126EB70D7}.Debug|Any CPU.Build.0 = Debug|Any CPU
		{C1ACC246-559F-4666-94D4-935126EB70D7}.Release|Any CPU.ActiveCfg = Release|Any CPU
		{C1ACC246-559F-4666-94D4-935126EB70D7}.Release|Any CPU.Build.0 = Release|Any CPU
	EndGlobalSection
	GlobalSection(SolutionProperties) = preSolution
		HideSolutionNode = FALSE
	EndGlobalSection
	GlobalSection(ExtensibilityGlobals) = postSolution
		SolutionGuid = {F44FE7FF-C73F-4C8C-9FE0-94C1A47C64FC}
	EndGlobalSection
EndGlobal
